
Microsoft Visual Studio Solution File, Format Version 12.00
# Visual Studio 15
VisualStudioVersion = 15.0.28307.168
MinimumVisualStudioVersion = 10.0.40219.1
Project("{888888A0-9F3D-457C-B088-3A5042F75D52}") = "ViewingClient", "ViewingClient\ViewingClient.pyproj", "{CCC683FA-3A5E-4411-854B-2880C9D7E603}"
EndProject
Global
	GlobalSection(SolutionConfigurationPlatforms) = preSolution
		Debug|Any CPU = Debug|Any CPU
		Release|Any CPU = Release|Any CPU
	EndGlobalSection
	GlobalSection(ProjectConfigurationPlatforms) = postSolution
		{CCC683FA-3A5E-4411-854B-2880C9D7E603}.Debug|Any CPU.ActiveCfg = Debug|Any CPU
		{CCC683FA-3A5E-4411-854B-2880C9D7E603}.Release|Any CPU.ActiveCfg = Release|Any CPU
	EndGlobalSection
	GlobalSection(SolutionProperties) = preSolution
		HideSolutionNode = FALSE
	EndGlobalSection
	GlobalSection(ExtensibilityGlobals) = postSolution
		SolutionGuid = {79A329A9-0EEF-4931-9A2C-D64085FEEE85}
	EndGlobalSection
EndGlobal
